
Microsoft Visual Studio Solution File, Format Version 12.00
# Visual Studio Version 17
VisualStudioVersion = 17.8.34205.153
MinimumVisualStudioVersion = 10.0.40219.1
Project("{FAE04EC0-301F-11D3-BF4B-00C04F79EFBC}") = "WpfGeneral", "WpfGeneral\WpfGeneral.csproj", "{7CC7CDB4-CE71-42B4-B05A-6E253705C329}"
EndProject
Global
	GlobalSection(SolutionConfigurationPlatforms) = preSolution
		Debug|Any CPU = Debug|Any CPU
		Release|Any CPU = Release|Any CPU
	EndGlobalSection
	GlobalSection(ProjectConfigurationPlatforms) = postSolution
		{7CC7CDB4-CE71-42B4-B05A-6E253705C329}.Debug|Any CPU.ActiveCfg = Debug|Any CPU
		{7CC7CDB4-CE71-42B4-B05A-6E253705C329}.Debug|Any CPU.Build.0 = Debug|Any CPU
		{7CC7CDB4-CE71-42B4-B05A-6E253705C329}.Release|Any CPU.ActiveCfg = Release|Any CPU
		{7CC7CDB4-CE71-42B4-B05A-6E253705C329}.Release|Any CPU.Build.0 = Release|Any CPU
	EndGlobalSection
	GlobalSection(SolutionProperties) = preSolution
		HideSolutionNode = FALSE
	EndGlobalSection
	GlobalSection(ExtensibilityGlobals) = postSolution
		SolutionGuid = {6B9F7A64-C6BB-4DA2-8515-80DE21F863D8}
	EndGlobalSection
EndGlobal
